github.com/davecgh/go-spew v1.1.1 h1:vj9j/u1bqnvCEfJOwUhtlOARqs3+rkHYY13jYWTU97c=
github.com/davecgh/go-spew v1.1.1/go.mod h1:J7Y8YcW2NihsgmVo/mv3lAwl/skON4iLHjSsI+c5H38=
github.com/florianl/go-nfqueue/v2 v2.0.2 h1:FL5lQTeetgpCvac1TRwSfgaXUn0YSO7WzGvWNIp3JPE=
github.com/florianl/go-nfqueue/v2 v2.0.2/go.mod h1:VA09+iPOT43OMoCKNfXHyzujQUty2xmzyCRkBOlmabc=
github.com/fsnotify/fsnotify v1.7.0 h1:8JEhPFa5W2WU7YfeZzPNqzMP6Lwt7L2715Ggo0nosvA=
github.com/fsnotify/fsnotify v1.7.0/go.mod h1:40Bi/Hjc2AVfZrqy+aj+yEI+/bRxZnMJyTJwOpGvigM=
github.com/go-ole/go-ole v1.3.0 h1:Dt6ye7+vXGIKZ7Xtk4s6/xVdGDQynvom7xCFEdWr6uE=
github.com/go-ole/go-ole v1.3.0/go.mod h1:5LS6F96DhAwUc7C+1HLexzMXY1xGRSryjyPPKW6zv78=
github.com/google/btree v1.1.3 h1:CVpQJjYgC4VbzxeGVHfvZrv1ctoYCAI8vbl07Fcxlyg=
github.com/google/btree v1.1.3/go.mod h1:qOPhT0dTNdNzV6Z/lhRX0YXUafgPLFUh+gZMl761Gm4=
github.com/google/go-cmp v0.7.0 h1:wk8382ETsv4JYUZwIsn6YpYiWiBsYLSJiTsyBybVuN8=
github.com/google/go-cmp v0.7.0/go.mod h1:pXiqmnSA92OHEEa9HXL2W4E7lf9JzCmGVUdgjX3N/iU=
github.com/mdlayher/netlink v1.9.0 h1:G8+GLq2x3v4D4MVIqDdNUhTUC7TKiCy/6MDkmItfKco=
github.com/mdlayher/netlink v1.9.0/go.mod h1:YBnl5BXsCoRuwBjKKlZ+aYmEoq0r12FDA/3JC+94KDg=
github.com/mdlayher/socket v0.5.1 h1:VZaqt6RkGkt2OE9l3GcC6nZkqD3xKeQLyfleW/uBcos=
github.com/mdlayher/socket v0.5.1/go.mod h1:TjPLHI1UgwEv5J1B5q0zTZq12A/6H7nKmtTanQE37IQ=
github.com/metacubex/wazero v0.0.0-20260628025728-9ae6bdcf2a7d h1:UMFI+kdp0jA8s9tC7oul0pWeTW6s8lnm0dD5PT+RY14=
github.com/metacubex/wazero v0.0.0-20260628025728-9ae6bdcf2a7d/go.mod h1:p48xp436h1oGfoXuEnVONeDhTW+E2UpY94GAVxA62oI=
github.com/pmezard/go-difflib v1.0.0 h1:4DBwDE0NGyQoBHbLQYPwSUPoCMWR5BEzIk/f1lZbAQM=
github.com/pmezard/go-difflib v1.0.0/go.mod h1:iKH77koFhYxTK1pcRnkKkqfTogsbg7gZNVY4sRDYZ/4=
github.com/sagernet/fswatch v0.1.1 h1:YqID+93B7VRfqIH3PArW/XpJv5H4OLEVWDfProGoRQs=
github.com/sagernet/fswatch v0.1.1/go.mod h1:nz85laH0mkQqJfaOrqPpkwtU1znMFNVTpT/5oRsVz/o=
github.com/sagernet/gvisor v0.0.0-20250811.0-sing-box-mod.1 h1:AzCE2RhBjLJ4WIWc/GejpNh+z30d5H1hwaB0nD9eY3o=
github.com/sagernet/gvisor v0.0.0-20250811.0-sing-box-mod.1/go.mod h1:NJKBtm9nVEK3iyOYWsUlrDQuoGh4zJ4KOPhSYVidvQ4=
github.com/sagernet/netlink v0.0.0-20240612041022-b9a21c07ac6a h1:ObwtHN2VpqE0ZNjr6sGeT00J8uU7JF4cNUdb44/Duis=
github.com/sagernet/netlink v0.0.0-20240612041022-b9a21c07ac6a/go.mod h1:xLnfdiJbSp8rNqYEdIW/6eDO4mVoogml14Bh2hSiFpM=
github.com/sagernet/nftables v0.3.0-mod.2 h1:ck2KMU02OxL1eDFgGaWYglMDpoOZ7OHzxje+vW5Q0OQ=
github.com/sagernet/nftables v0.3.0-mod.2/go.mod h1:8kslHG4VvYNihcco+i6uxIX7qbT8A56T0y5q7U44ZaQ=
github.com/sagernet/sing v0.8.0 h1:OwLEwbcYfZHvu4olZVljxxC1XRicBqJ1HfiFr6F2WEE=
github.com/sagernet/sing v0.8.0/go.mod h1:ARkL0gM13/Iv5VCZmci/NuoOlePoIsW0m7BWfln/Hak=
github.com/sagernet/sing-tun v0.8.11 h1:BFu4+8LNl2JiTQtto5f+5AbkH90qgdoZEAqUbGiEXCg=
github.com/sagernet/sing-tun v0.8.11/go.mod h1:QvarqUtHfj1ULaRR+6kZOS/OoCE+pYGq67A5tyIy+dQ=
github.com/stretchr/testify v1.11.1 h1:7s2iGBzp5EwR7/aIZr8ao5+dra3wiQyKjjFuvgVKu7U=
github.com/stretchr/testify v1.11.1/go.mod h1:wZwfW3scLgRK+23gO65QZefKpKQRnfz6sD981Nm4B6U=
github.com/vishvananda/netns v0.0.4 h1:Oeaw1EM2JMxD51g9uhtC0D7erkIjgmj8+JZc26m1YX8=
github.com/vishvananda/netns v0.0.4/go.mod h1:SpkAiCQRtJ6TvvxPnOSyH3BMl6unz3xZlaprSwhNNJM=
go4.org/netipx v0.0.0-20231129151722-fdeea329fbba h1:0b9z3AuHCjxk0x/opv64kcgZLBseWJUpBw5I82+2U4M=
go4.org/netipx v0.0.0-20231129151722-fdeea329fbba/go.mod h1:PLyyIXexvUFg3Owu6p/WfdlivPbZJsZdgWZlrGope/Y=
golang.org/x/exp v0.0.0-20240613232115-7f521ea00fb8 h1:yixxcjnhBmY0nkL253HFVIm0JsFHwrHdT3Yh6szTnfY=
golang.org/x/exp v0.0.0-20240613232115-7f521ea00fb8/go.mod h1:jj3sYF3dwk5D+ghuXyeI3r5MFf+NT2An6/9dOA95KSI=
golang.org/x/net v0.50.0 h1:ucWh9eiCGyDR3vtzso0WMQinm2Dnt8cFMuQa9K33J60=
golang.org/x/net v0.50.0/go.mod h1:UgoSli3F/pBgdJBHCTc+tp3gmrU4XswgGRgtnwWTfyM=
golang.org/x/sync v0.7.0 h1:YsImfSBoP9QPYL0xyKJPq0gcaJdG3rInoqxTWbfQu9M=
golang.org/x/sync v0.7.0/go.mod h1:Czt+wKu1gCyEFDUtn0jG5QVvpJ6rzVqr5aXyt9drQfk=
golang.org/x/sys v0.1.0/go.mod h1:oPkhp1MJrh7nUepCBck5+mAzfO9JrbApNNgaTdGDITg=
golang.org/x/sys v0.44.0 h1:ildZl3J4uzeKP07r2F++Op7E9B29JRUy+a27EibtBTQ=
golang.org/x/sys v0.44.0/go.mod h1:4GL1E5IUh+htKOUEOaiffhrAeqysfVGipDYzABqnCmw=
golang.org/x/time v0.7.0 h1:ntUhktv3OPE6TgYxXWv9vKvUSJyIFJlyohwbkEwPrKQ=
golang.org/x/time v0.7.0/go.mod h1:3BpzKBy/shNhVucY/MWOyx10tF3SFh9QdLuxbVysPQM=
google.golang.org/protobuf v1.36.11 h1:fV6ZwhNocDyBLK0dj+fg8ektcVegBBuEolpbTQyBNVE=
google.golang.org/protobuf v1.36.11/go.mod h1:HTf+CrKn2C3g5S8VImy6tdcUvCska2kB7j23XfzDpco=
gopkg.in/yaml.v3 v3.0.1 h1:fxVm/GzAzEWqLHuvctI91KS9hhNmmWOoWu0XTYJS7CA=
gopkg.in/yaml.v3 v3.0.1/go.mod h1:K4uyk7z7BCEPqu6E+C64Yfv1cQ7kz7rIZviUmN+EgEM=
